
Microsoft Visual Studio Solution File, Format Version 12.00
# Visual Studio 15
VisualStudioVersion = 15.0.27703.2018
MinimumVisualStudioVersion = 10.0.40219.1
Project("{FAE04EC0-301F-11D3-BF4B-00C04F79EFBC}") = "Blog-CSharp", "Blog-CSharp\Blog-CSharp.csproj", "{A3BC9A8D-510B-499E-981C-BCE1B146109C}"
EndProject
Global
	GlobalSection(SolutionConfigurationPlatforms) = preSolution
		Debug|Any CPU = Debug|Any CPU
		Release|Any CPU = Release|Any CPU
	EndGlobalSection
	GlobalSection(ProjectConfigurationPlatforms) = postSolution
		{A3BC9A8D-510B-499E-981C-BCE1B146109C}.Debug|Any CPU.ActiveCfg = Debug|Any CPU
		{A3BC9A8D-510B-499E-981C-BCE1B146109C}.Debug|Any CPU.Build.0 = Debug|Any CPU
		{A3BC9A8D-510B-499E-981C-BCE1B146109C}.Release|Any CPU.ActiveCfg = Release|Any CPU
		{A3BC9A8D-510B-499E-981C-BCE1B146109C}.Release|Any CPU.Build.0 = Release|Any CPU
	EndGlobalSection
	GlobalSection(SolutionProperties) = preSolution
		HideSolutionNode = FALSE
	EndGlobalSection
	GlobalSection(ExtensibilityGlobals) = postSolution
		SolutionGuid = {1BED87F9-6209-4B2B-B123-FC653292D0CE}
	EndGlobalSection
EndGlobal
